// !$*UTF8*$!
{
	archiveVersion = 1;
	classes = {
	};
	objectVersion = 46;
	objects = {

/* Begin PBXBuildFile section */
		3908F5641CFF922D00261709 /* TestPageViewController.m in Sources */ = {isa = PBXBuildFile; fileRef = 3908F5631CFF922D00261709 /* TestPageViewController.m */; };
		39546FFB1D06096E00710FD2 /* tests_source.txt in Resources */ = {isa = PBXBuildFile; fileRef = 39546FFA1D06096E00710FD2 /* tests_source.txt */; };
		39546FFE1D060A1100710FD2 /* TestBaseHelper.m in Sources */ = {isa = PBXBuildFile; fileRef = 39546FFD1D060A1100710FD2 /* TestBaseHelper.m */; };
		39AB1C681D017CDA00A1622C /* TestsStartingViewController.m in Sources */ = {isa = PBXBuildFile; fileRef = 39AB1C671D017CDA00A1622C /* TestsStartingViewController.m */; };
		39C88B971D0E092700D932C3 /* LanguageHelper.m in Sources */ = {isa = PBXBuildFile; fileRef = 39C88B961D0E092700D932C3 /* LanguageHelper.m */; };
		39CD848B1CF38A1E000D8025 /* Slide8aContentViewController.m in Sources */ = {isa = PBXBuildFile; fileRef = 39CD848A1CF38A1E000D8025 /* Slide8aContentViewController.m */; };
		39D47B081D0437AB003D05EA /* TestQuestionPageContentViewController.m in Sources */ = {isa = PBXBuildFile; fileRef = 39D47B071D0437AA003D05EA /* TestQuestionPageContentViewController.m */; };
		39F734ED1CF6172D00057957 /* CabinetContentTableViewCell.m in Sources */ = {isa = PBXBuildFile; fileRef = 39F734EC1CF6172D00057957 /* CabinetContentTableViewCell.m */; };
		CE05AA911CD0B1AA00CB7A8E /* Slide2ContentViewController.m in Sources */ = {isa = PBXBuildFile; fileRef = CE05AA901CD0B1AA00CB7A8E /* Slide2ContentViewController.m */; };
		CE05AA941CD0F0C900CB7A8E /* Slide3ContentViewController.m in Sources */ = {isa = PBXBuildFile; fileRef = CE05AA931CD0F0C900CB7A8E /* Slide3ContentViewController.m */; };
		CE05AA9D1CD0FFE000CB7A8E /* Slide1ContentViewController.m in Sources */ = {isa = PBXBuildFile; fileRef = CE05AA9C1CD0FFE000CB7A8E /* Slide1ContentViewController.m */; };
		CE05AAA01CD11C3E00CB7A8E /* PrettyTableViewCell.m in Sources */ = {isa = PBXBuildFile; fileRef = CE05AA9F1CD11C3E00CB7A8E /* PrettyTableViewCell.m */; };
		CE05AAA31CD12D4D00CB7A8E /* PageContentWithTablesViewController.m in Sources */ = {isa = PBXBuildFile; fileRef = CE05AAA21CD12D4D00CB7A8E /* PageContentWithTablesViewController.m */; };
		CE05AAA61CD203F900CB7A8E /* PageContentWithMultipleTablesViewController.m in Sources */ = {isa = PBXBuildFile; fileRef = CE05AAA51CD203F900CB7A8E /* PageContentWithMultipleTablesViewController.m */; };
		CE05AAA91CD24C1F00CB7A8E /* Slide9ContentWithMultipleTablesViewController.m in Sources */ = {isa = PBXBuildFile; fileRef = CE05AAA81CD24C1F00CB7A8E /* Slide9ContentWithMultipleTablesViewController.m */; };
		CE05AAAD1CD2598900CB7A8E /* Slide4ContentViewController.m in Sources */ = {isa = PBXBuildFile; fileRef = CE05AAAC1CD2598900CB7A8E /* Slide4ContentViewController.m */; };
		CE05AAB01CD25AFB00CB7A8E /* Slide5ViewController.m in Sources */ = {isa = PBXBuildFile; fileRef = CE05AAAF1CD25AFB00CB7A8E /* Slide5ViewController.m */; };
		CE05AAB31CD2646F00CB7A8E /* Slide6ContentViewController.m in Sources */ = {isa = PBXBuildFile; fileRef = CE05AAB21CD2646F00CB7A8E /* Slide6ContentViewController.m */; };
		CE05AAB61CD267E000CB7A8E /* Slide7ContentViewController.m in Sources */ = {isa = PBXBuildFile; fileRef = CE05AAB51CD267E000CB7A8E /* Slide7ContentViewController.m */; };
		CE05AAB91CD271B500CB7A8E /* Slide8ContentViewController.m in Sources */ = {isa = PBXBuildFile; fileRef = CE05AAB81CD271B500CB7A8E /* Slide8ContentViewController.m */; };
		CE05AABC1CD27BA000CB7A8E /* Slide10ContentViewController.m in Sources */ = {isa = PBXBuildFile; fileRef = CE05AABB1CD27BA000CB7A8E /* Slide10ContentViewController.m */; };
		CE05AABF1CD2839000CB7A8E /* Slide11ContentViewController.m in Sources */ = {isa = PBXBuildFile; fileRef = CE05AABE1CD2839000CB7A8E /* Slide11ContentViewController.m */; };
		CE05AAC21CD28D9C00CB7A8E /* ConclusionTableViewController.m in Sources */ = {isa = PBXBuildFile; fileRef = CE05AAC11CD28D9C00CB7A8E /* ConclusionTableViewController.m */; };
		CE05AAC51CD2998500CB7A8E /* PrettyExpandedTableViewCell.m in Sources */ = {isa = PBXBuildFile; fileRef = CE05AAC41CD2998500CB7A8E /* PrettyExpandedTableViewCell.m */; };
		CE05AAC81CD2AEC000CB7A8E /* PrettySimpleTableViewCell.m in Sources */ = {isa = PBXBuildFile; fileRef = CE05AAC71CD2AEC000CB7A8E /* PrettySimpleTableViewCell.m */; };
		CE05AACB1CD2AFBE00CB7A8E /* Slide13ContentViewController.m in Sources */ = {isa = PBXBuildFile; fileRef = CE05AACA1CD2AFBE00CB7A8E /* Slide13ContentViewController.m */; };
		CE05AADB1CD74E8800CB7A8E /* NavigationTableViewCell.m in Sources */ = {isa = PBXBuildFile; fileRef = CE05AADA1CD74E8800CB7A8E /* NavigationTableViewCell.m */; };
		CE18D6181CC8EC600056D9A4 /* GiftsPageViewController.m in Sources */ = {isa = PBXBuildFile; fileRef = CE18D6171CC8EC600056D9A4 /* GiftsPageViewController.m */; };
		CE18D61B1CC8EC8E0056D9A4 /* GiftsPageContentViewController.m in Sources */ = {isa = PBXBuildFile; fileRef = CE18D61A1CC8EC8E0056D9A4 /* GiftsPageContentViewController.m */; };
		CE3CAF751CF8773100B276CD /* PlatformTypeChecker.m in Sources */ = {isa = PBXBuildFile; fileRef = CE3CAF741CF8773100B276CD /* PlatformTypeChecker.m */; };
		CE5519021CF326CF00196675 /* UISegmentedControl+Multiline.m in Sources */ = {isa = PBXBuildFile; fileRef = CE5519011CF326CF00196675 /* UISegmentedControl+Multiline.m */; };
		CE58D4891D0AAE9B00F81961 /* OrdersTableViewCell.m in Sources */ = {isa = PBXBuildFile; fileRef = CE58D4881D0AAE9B00F81961 /* OrdersTableViewCell.m */; };
		CE58D48C1D0EB21E00F81961 /* LanguageSelectionTableViewController.m in Sources */ = {isa = PBXBuildFile; fileRef = CE58D48B1D0EB21E00F81961 /* LanguageSelectionTableViewController.m */; };
		CE5913801CBA566D008A3042 /* main.m in Sources */ = {isa = PBXBuildFile; fileRef = CE59137F1CBA566D008A3042 /* main.m */; };
		CE5913831CBA566D008A3042 /* AppDelegate.m in Sources */ = {isa = PBXBuildFile; fileRef = CE5913821CBA566D008A3042 /* AppDelegate.m */; };
		CE5913891CBA566D008A3042 /* Main.storyboard in Resources */ = {isa = PBXBuildFile; fileRef = CE5913871CBA566D008A3042 /* Main.storyboard */; };
		CE59138E1CBA566D008A3042 /* LaunchScreen.storyboard in Resources */ = {isa = PBXBuildFile; fileRef = CE59138C1CBA566D008A3042 /* LaunchScreen.storyboard */; };
		CE5913991CBA566E008A3042 /* SwissPlannerTests.m in Sources */ = {isa = PBXBuildFile; fileRef = CE5913981CBA566E008A3042 /* SwissPlannerTests.m */; };
		CE5913B01CBB8664008A3042 /* SWRevealViewController.m in Sources */ = {isa = PBXBuildFile; fileRef = CE5913AF1CBB8664008A3042 /* SWRevealViewController.m */; };
		CE5913B31CBB9431008A3042 /* MainViewController.m in Sources */ = {isa = PBXBuildFile; fileRef = CE5913B21CBB9431008A3042 /* MainViewController.m */; };
		CE5913B61CBBA789008A3042 /* SideMenuTableViewController.m in Sources */ = {isa = PBXBuildFile; fileRef = CE5913B51CBBA789008A3042 /* SideMenuTableViewController.m */; };
		CE5913BD1CBCE019008A3042 /* PageContentViewController.m in Sources */ = {isa = PBXBuildFile; fileRef = CE5913BC1CBCE019008A3042 /* PageContentViewController.m */; };
		CE5913C01CBCE6ED008A3042 /* PageViewController.m in Sources */ = {isa = PBXBuildFile; fileRef = CE5913BF1CBCE6ED008A3042 /* PageViewController.m */; };
		CE5913C61CBCF968008A3042 /* CalculatorViewController.m in Sources */ = {isa = PBXBuildFile; fileRef = CE5913C51CBCF968008A3042 /* CalculatorViewController.m */; };
		CE5913C91CBE3592008A3042 /* TestingViewController.m in Sources */ = {isa = PBXBuildFile; fileRef = CE5913C81CBE3592008A3042 /* TestingViewController.m */; };
		CE5913CD1CBE3616008A3042 /* GiftsViewController.m in Sources */ = {isa = PBXBuildFile; fileRef = CE5913CC1CBE3616008A3042 /* GiftsViewController.m */; };
		CE5913D31CBE60D4008A3042 /* LauncherButton.m in Sources */ = {isa = PBXBuildFile; fileRef = CE5913D21CBE60D4008A3042 /* LauncherButton.m */; };
		CE5A3F831CEF58FF00B8C8E9 /* Localizable.strings in Resources */ = {isa = PBXBuildFile; fileRef = CE5A3F851CEF58FF00B8C8E9 /* Localizable.strings */; };
		CE6BEC321CF48487009FB218 /* Settings.plist in Resources */ = {isa = PBXBuildFile; fileRef = CE6BEC311CF48487009FB218 /* Settings.plist */; };
		CE6BEC351CF48BB3009FB218 /* SettingsTableViewController.m in Sources */ = {isa = PBXBuildFile; fileRef = CE6BEC341CF48BB3009FB218 /* SettingsTableViewController.m */; };
		CEDA437F1CFF018500BB1AE0 /* Assets.xcassets in Resources */ = {isa = PBXBuildFile; fileRef = CEDA437E1CFF018500BB1AE0 /* Assets.xcassets */; };
		CEDA43821CFF021F00BB1AE0 /* TextFieldValidator.m in Sources */ = {isa = PBXBuildFile; fileRef = CEDA43811CFF021F00BB1AE0 /* TextFieldValidator.m */; };
		CEDA43851D00297600BB1AE0 /* TestsPageContentViewController.m in Sources */ = {isa = PBXBuildFile; fileRef = CEDA43841D00297600BB1AE0 /* TestsPageContentViewController.m */; };
		CEDA43881D002BDE00BB1AE0 /* TestTableViewCell.m in Sources */ = {isa = PBXBuildFile; fileRef = CEDA43871D002BDD00BB1AE0 /* TestTableViewCell.m */; };
		CEDA438C1D002C8200BB1AE0 /* QuestionTestTableViewCell.m in Sources */ = {isa = PBXBuildFile; fileRef = CEDA438B1D002C8200BB1AE0 /* QuestionTestTableViewCell.m */; };
		CEDA438F1D002FD600BB1AE0 /* AnswerTestTableViewCell.m in Sources */ = {isa = PBXBuildFile; fileRef = CEDA438E1D002FD600BB1AE0 /* AnswerTestTableViewCell.m */; };
/* End PBXBuildFile section */

/* Begin PBXContainerItemProxy section */
		CE5913951CBA566E008A3042 /* PBXContainerItemProxy */ = {
			isa = PBXContainerItemProxy;
			containerPortal = CE5913731CBA566C008A3042 /* Project object */;
			proxyType = 1;
			remoteGlobalIDString = CE59137A1CBA566C008A3042;
			remoteInfo = SwissPlanner;
		};
/* End PBXContainerItemProxy section */

/* Begin PBXFileReference section */
		3908F5621CFF922D00261709 /* TestPageViewController.h */ = {isa = PBXFileReference; fileEncoding = 4; lastKnownFileType = sourcecode.c.h; path = TestPageViewController.h; sourceTree = "<group>"; };
		3908F5631CFF922D00261709 /* TestPageViewController.m */ = {isa = PBXFileReference; fileEncoding = 4; lastKnownFileType = sourcecode.c.objc; path = TestPageViewController.m; sourceTree = "<group>"; };
		39546FFA1D06096E00710FD2 /* tests_source.txt */ = {isa = PBXFileReference; fileEncoding = 4; lastKnownFileType = text; path = tests_source.txt; sourceTree = "<group>"; };
		39546FFC1D060A1100710FD2 /* TestBaseHelper.h */ = {isa = PBXFileReference; fileEncoding = 4; lastKnownFileType = sourcecode.c.h; path = TestBaseHelper.h; sourceTree = "<group>"; };
		39546FFD1D060A1100710FD2 /* TestBaseHelper.m */ = {isa = PBXFileReference; fileEncoding = 4; lastKnownFileType = sourcecode.c.objc; path = TestBaseHelper.m; sourceTree = "<group>"; };
		39AB1C661D017CDA00A1622C /* TestsStartingViewController.h */ = {isa = PBXFileReference; fileEncoding = 4; lastKnownFileType = sourcecode.c.h; path = TestsStartingViewController.h; sourceTree = "<group>"; };
		39AB1C671D017CDA00A1622C /* TestsStartingViewController.m */ = {isa = PBXFileReference; fileEncoding = 4; lastKnownFileType = sourcecode.c.objc; path = TestsStartingViewController.m; sourceTree = "<group>"; };
		39C88B951D0E092700D932C3 /* LanguageHelper.h */ = {isa = PBXFileReference; fileEncoding = 4; lastKnownFileType = sourcecode.c.h; path = LanguageHelper.h; sourceTree = "<group>"; };
		39C88B961D0E092700D932C3 /* LanguageHelper.m */ = {isa = PBXFileReference; fileEncoding = 4; lastKnownFileType = sourcecode.c.objc; path = LanguageHelper.m; sourceTree = "<group>"; };
		39CD84891CF38A1E000D8025 /* Slide8aContentViewController.h */ = {isa = PBXFileReference; fileEncoding = 4; lastKnownFileType = sourcecode.c.h; path = Slide8aContentViewController.h; sourceTree = "<group>"; };
		39CD848A1CF38A1E000D8025 /* Slide8aContentViewController.m */ = {isa = PBXFileReference; fileEncoding = 4; lastKnownFileType = sourcecode.c.objc; path = Slide8aContentViewController.m; sourceTree = "<group>"; };
		39D47B061D0437AA003D05EA /* TestQuestionPageContentViewController.h */ = {isa = PBXFileReference; fileEncoding = 4; lastKnownFileType = sourcecode.c.h; path = TestQuestionPageContentViewController.h; sourceTree = "<group>"; };
		39D47B071D0437AA003D05EA /* TestQuestionPageContentViewController.m */ = {isa = PBXFileReference; fileEncoding = 4; lastKnownFileType = sourcecode.c.objc; path = TestQuestionPageContentViewController.m; sourceTree = "<group>"; };
		39F734EB1CF6172D00057957 /* CabinetContentTableViewCell.h */ = {isa = PBXFileReference; fileEncoding = 4; lastKnownFileType = sourcecode.c.h; path = CabinetContentTableViewCell.h; sourceTree = "<group>"; };
		39F734EC1CF6172D00057957 /* CabinetContentTableViewCell.m */ = {isa = PBXFileReference; fileEncoding = 4; lastKnownFileType = sourcecode.c.objc; path = CabinetContentTableViewCell.m; sourceTree = "<group>"; };
		39F869691D0376C500CA09C2 /* TestCheckerDelegate.h */ = {isa = PBXFileReference; fileEncoding = 4; lastKnownFileType = sourcecode.c.h; path = TestCheckerDelegate.h; sourceTree = "<group>"; };
		39F91F7A1D0BF8E000D0B05E /* es */ = {isa = PBXFileReference; lastKnownFileType = text.plist.strings; name = es; path = es.lproj/Localizable.strings; sourceTree = "<group>"; };
		CE05AA8F1CD0B1AA00CB7A8E /* Slide2ContentViewController.h */ = {isa = PBXFileReference; fileEncoding = 4; lastKnownFileType = sourcecode.c.h; path = Slide2ContentViewController.h; sourceTree = "<group>"; };
		CE05AA901CD0B1AA00CB7A8E /* Slide2ContentViewController.m */ = {isa = PBXFileReference; fileEncoding = 4; lastKnownFileType = sourcecode.c.objc; path = Slide2ContentViewController.m; sourceTree = "<group>"; };
		CE05AA921CD0F0C900CB7A8E /* Slide3ContentViewController.h */ = {isa = PBXFileReference; fileEncoding = 4; lastKnownFileType = sourcecode.c.h; path = Slide3ContentViewController.h; sourceTree = "<group>"; };
		CE05AA931CD0F0C900CB7A8E /* Slide3ContentViewController.m */ = {isa = PBXFileReference; fileEncoding = 4; lastKnownFileType = sourcecode.c.objc; path = Slide3ContentViewController.m; sourceTree = "<group>"; };
		CE05AA9B1CD0FFE000CB7A8E /* Slide1ContentViewController.h */ = {isa = PBXFileReference; fileEncoding = 4; lastKnownFileType = sourcecode.c.h; path = Slide1ContentViewController.h; sourceTree = "<group>"; };
		CE05AA9C1CD0FFE000CB7A8E /* Slide1ContentViewController.m */ = {isa = PBXFileReference; fileEncoding = 4; lastKnownFileType = sourcecode.c.objc; path = Slide1ContentViewController.m; sourceTree = "<group>"; };
		CE05AA9E1CD11C3E00CB7A8E /* PrettyTableViewCell.h */ = {isa = PBXFileReference; fileEncoding = 4; lastKnownFileType = sourcecode.c.h; path = PrettyTableViewCell.h; sourceTree = "<group>"; };
		CE05AA9F1CD11C3E00CB7A8E /* PrettyTableViewCell.m */ = {isa = PBXFileReference; fileEncoding = 4; lastKnownFileType = sourcecode.c.objc; path = PrettyTableViewCell.m; sourceTree = "<group>"; };
		CE05AAA11CD12D4D00CB7A8E /* PageContentWithTablesViewController.h */ = {isa = PBXFileReference; fileEncoding = 4; lastKnownFileType = sourcecode.c.h; path = PageContentWithTablesViewController.h; sourceTree = "<group>"; };
		CE05AAA21CD12D4D00CB7A8E /* PageContentWithTablesViewController.m */ = {isa = PBXFileReference; fileEncoding = 4; lastKnownFileType = sourcecode.c.objc; path = PageContentWithTablesViewController.m; sourceTree = "<group>"; };
		CE05AAA41CD203F900CB7A8E /* PageContentWithMultipleTablesViewController.h */ = {isa = PBXFileReference; fileEncoding = 4; lastKnownFileType = sourcecode.c.h; path = PageContentWithMultipleTablesViewController.h; sourceTree = "<group>"; };
		CE05AAA51CD203F900CB7A8E /* PageContentWithMultipleTablesViewController.m */ = {isa = PBXFileReference; fileEncoding = 4; lastKnownFileType = sourcecode.c.objc; path = PageContentWithMultipleTablesViewController.m; sourceTree = "<group>"; };
		CE05AAA71CD24C1F00CB7A8E /* Slide9ContentWithMultipleTablesViewController.h */ = {isa = PBXFileReference; fileEncoding = 4; lastKnownFileType = sourcecode.c.h; path = Slide9ContentWithMultipleTablesViewController.h; sourceTree = "<group>"; };
		CE05AAA81CD24C1F00CB7A8E /* Slide9ContentWithMultipleTablesViewController.m */ = {isa = PBXFileReference; fileEncoding = 4; lastKnownFileType = sourcecode.c.objc; path = Slide9ContentWithMultipleTablesViewController.m; sourceTree = "<group>"; };
		CE05AAAB1CD2598900CB7A8E /* Slide4ContentViewController.h */ = {isa = PBXFileReference; fileEncoding = 4; lastKnownFileType = sourcecode.c.h; path = Slide4ContentViewController.h; sourceTree = "<group>"; };
		CE05AAAC1CD2598900CB7A8E /* Slide4ContentViewController.m */ = {isa = PBXFileReference; fileEncoding = 4; lastKnownFileType = sourcecode.c.objc; path = Slide4ContentViewController.m; sourceTree = "<group>"; };
		CE05AAAE1CD25AFB00CB7A8E /* Slide5ViewController.h */ = {isa = PBXFileReference; fileEncoding = 4; lastKnownFileType = sourcecode.c.h; path = Slide5ViewController.h; sourceTree = "<group>"; };
		CE05AAAF1CD25AFB00CB7A8E /* Slide5ViewController.m */ = {isa = PBXFileReference; fileEncoding = 4; lastKnownFileType = sourcecode.c.objc; path = Slide5ViewController.m; sourceTree = "<group>"; };
		CE05AAB11CD2646F00CB7A8E /* Slide6ContentViewController.h */ = {isa = PBXFileReference; fileEncoding = 4; lastKnownFileType = sourcecode.c.h; path = Slide6ContentViewController.h; sourceTree = "<group>"; };
		CE05AAB21CD2646F00CB7A8E /* Slide6ContentViewController.m */ = {isa = PBXFileReference; fileEncoding = 4; lastKnownFileType = sourcecode.c.objc; path = Slide6ContentViewController.m; sourceTree = "<group>"; };
		CE05AAB41CD267E000CB7A8E /* Slide7ContentViewController.h */ = {isa = PBXFileReference; fileEncoding = 4; lastKnownFileType = sourcecode.c.h; path = Slide7ContentViewController.h; sourceTree = "<group>"; };
		CE05AAB51CD267E000CB7A8E /* Slide7ContentViewController.m */ = {isa = PBXFileReference; fileEncoding = 4; lastKnownFileType = sourcecode.c.objc; path = Slide7ContentViewController.m; sourceTree = "<group>"; };
		CE05AAB71CD271B500CB7A8E /* Slide8ContentViewController.h */ = {isa = PBXFileReference; fileEncoding = 4; lastKnownFileType = sourcecode.c.h; path = Slide8ContentViewController.h; sourceTree = "<group>"; };
		CE05AAB81CD271B500CB7A8E /* Slide8ContentViewController.m */ = {isa = PBXFileReference; fileEncoding = 4; lastKnownFileType = sourcecode.c.objc; path = Slide8ContentViewController.m; sourceTree = "<group>"; };
		CE05AABA1CD27BA000CB7A8E /* Slide10ContentViewController.h */ = {isa = PBXFileReference; fileEncoding = 4; lastKnownFileType = sourcecode.c.h; path = Slide10ContentViewController.h; sourceTree = "<group>"; };
		CE05AABB1CD27BA000CB7A8E /* Slide10ContentViewController.m */ = {isa = PBXFileReference; fileEncoding = 4; lastKnownFileType = sourcecode.c.objc; path = Slide10ContentViewController.m; sourceTree = "<group>"; };
		CE05AABD1CD2839000CB7A8E /* Slide11ContentViewController.h */ = {isa = PBXFileReference; fileEncoding = 4; lastKnownFileType = sourcecode.c.h; path = Slide11ContentViewController.h; sourceTree = "<group>"; };
		CE05AABE1CD2839000CB7A8E /* Slide11ContentViewController.m */ = {isa = PBXFileReference; fileEncoding = 4; lastKnownFileType = sourcecode.c.objc; path = Slide11ContentViewController.m; sourceTree = "<group>"; };
		CE05AAC01CD28D9C00CB7A8E /* ConclusionTableViewController.h */ = {isa = PBXFileReference; fileEncoding = 4; lastKnownFileType = sourcecode.c.h; path = ConclusionTableViewController.h; sourceTree = "<group>"; };
		CE05AAC11CD28D9C00CB7A8E /* ConclusionTableViewController.m */ = {isa = PBXFileReference; fileEncoding = 4; lastKnownFileType = sourcecode.c.objc; path = ConclusionTableViewController.m; sourceTree = "<group>"; };
		CE05AAC31CD2998500CB7A8E /* PrettyExpandedTableViewCell.h */ = {isa = PBXFileReference; fileEncoding = 4; lastKnownFileType = sourcecode.c.h; path = PrettyExpandedTableViewCell.h; sourceTree = "<group>"; };
		CE05AAC41CD2998500CB7A8E /* PrettyExpandedTableViewCell.m */ = {isa = PBXFileReference; fileEncoding = 4; lastKnownFileType = sourcecode.c.objc; path = PrettyExpandedTableViewCell.m; sourceTree = "<group>"; };
		CE05AAC61CD2AEC000CB7A8E /* PrettySimpleTableViewCell.h */ = {isa = PBXFileReference; fileEncoding = 4; lastKnownFileType = sourcecode.c.h; path = PrettySimpleTableViewCell.h; sourceTree = "<group>"; };
		CE05AAC71CD2AEC000CB7A8E /* PrettySimpleTableViewCell.m */ = {isa = PBXFileReference; fileEncoding = 4; lastKnownFileType = sourcecode.c.objc; path = PrettySimpleTableViewCell.m; sourceTree = "<group>"; };
		CE05AAC91CD2AFBE00CB7A8E /* Slide13ContentViewController.h */ = {isa = PBXFileReference; fileEncoding = 4; lastKnownFileType = sourcecode.c.h; path = Slide13ContentViewController.h; sourceTree = "<group>"; };
		CE05AACA1CD2AFBE00CB7A8E /* Slide13ContentViewController.m */ = {isa = PBXFileReference; fileEncoding = 4; lastKnownFileType = sourcecode.c.objc; path = Slide13ContentViewController.m; sourceTree = "<group>"; };
		CE05AAD91CD74E8800CB7A8E /* NavigationTableViewCell.h */ = {isa = PBXFileReference; fileEncoding = 4; lastKnownFileType = sourcecode.c.h; path = NavigationTableViewCell.h; sourceTree = "<group>"; };
		CE05AADA1CD74E8800CB7A8E /* NavigationTableViewCell.m */ = {isa = PBXFileReference; fileEncoding = 4; lastKnownFileType = sourcecode.c.objc; path = NavigationTableViewCell.m; sourceTree = "<group>"; };
		CE18D6161CC8EC600056D9A4 /* GiftsPageViewController.h */ = {isa = PBXFileReference; fileEncoding = 4; lastKnownFileType = sourcecode.c.h; path = GiftsPageViewController.h; sourceTree = "<group>"; };
		CE18D6171CC8EC600056D9A4 /* GiftsPageViewController.m */ = {isa = PBXFileReference; fileEncoding = 4; lastKnownFileType = sourcecode.c.objc; path = GiftsPageViewController.m; sourceTree = "<group>"; };
		CE18D6191CC8EC8E0056D9A4 /* GiftsPageContentViewController.h */ = {isa = PBXFileReference; fileEncoding = 4; lastKnownFileType = sourcecode.c.h; path = GiftsPageContentViewController.h; sourceTree = "<group>"; };
		CE18D61A1CC8EC8E0056D9A4 /* GiftsPageContentViewController.m */ = {isa = PBXFileReference; fileEncoding = 4; lastKnownFileType = sourcecode.c.objc; path = GiftsPageContentViewController.m; sourceTree = "<group>"; };
		CE3CAF731CF8773100B276CD /* PlatformTypeChecker.h */ = {isa = PBXFileReference; fileEncoding = 4; lastKnownFileType = sourcecode.c.h; path = PlatformTypeChecker.h; sourceTree = "<group>"; };
		CE3CAF741CF8773100B276CD /* PlatformTypeChecker.m */ = {isa = PBXFileReference; fileEncoding = 4; lastKnownFileType = sourcecode.c.objc; path = PlatformTypeChecker.m; sourceTree = "<group>"; };
		CE5519001CF326CF00196675 /* UISegmentedControl+Multiline.h */ = {isa = PBXFileReference; fileEncoding = 4; lastKnownFileType = sourcecode.c.h; path = "UISegmentedControl+Multiline.h"; sourceTree = "<group>"; };
		CE5519011CF326CF00196675 /* UISegmentedControl+Multiline.m */ = {isa = PBXFileReference; fileEncoding = 4; lastKnownFileType = sourcecode.c.objc; path = "UISegmentedControl+Multiline.m"; sourceTree = "<group>"; };
		CE58D4871D0AAE9B00F81961 /* OrdersTableViewCell.h */ = {isa = PBXFileReference; fileEncoding = 4; lastKnownFileType = sourcecode.c.h; path = OrdersTableViewCell.h; sourceTree = "<group>"; };
		CE58D4881D0AAE9B00F81961 /* OrdersTableViewCell.m */ = {isa = PBXFileReference; fileEncoding = 4; lastKnownFileType = sourcecode.c.objc; path = OrdersTableViewCell.m; sourceTree = "<group>"; };
		CE58D48A1D0EB21E00F81961 /* LanguageSelectionTableViewController.h */ = {isa = PBXFileReference; fileEncoding = 4; lastKnownFileType = sourcecode.c.h; path = LanguageSelectionTableViewController.h; sourceTree = "<group>"; };
		CE58D48B1D0EB21E00F81961 /* LanguageSelectionTableViewController.m */ = {isa = PBXFileReference; fileEncoding = 4; lastKnownFileType = sourcecode.c.objc; path = LanguageSelectionTableViewController.m; sourceTree = "<group>"; };
		CE59137B1CBA566C008A3042 /* SwissPlanner.app */ = {isa = PBXFileReference; explicitFileType = wrapper.application; includeInIndex = 0; path = SwissPlanner.app; sourceTree = BUILT_PRODUCTS_DIR; };
		CE59137F1CBA566D008A3042 /* main.m */ = {isa = PBXFileReference; lastKnownFileType = sourcecode.c.objc; path = main.m; sourceTree = "<group>"; };
		CE5913811CBA566D008A3042 /* AppDelegate.h */ = {isa = PBXFileReference; lastKnownFileType = sourcecode.c.h; path = AppDelegate.h; sourceTree = "<group>"; };
		CE5913821CBA566D008A3042 /* AppDelegate.m */ = {isa = PBXFileReference; lastKnownFileType = sourcecode.c.objc; path = AppDelegate.m; sourceTree = "<group>"; };
		CE5913881CBA566D008A3042 /* Base */ = {isa = PBXFileReference; lastKnownFileType = file.storyboard; name = Base; path = Base.lproj/Main.storyboard; sourceTree = "<group>"; };
		CE59138D1CBA566D008A3042 /* Base */ = {isa = PBXFileReference; lastKnownFileType = file.storyboard; name = Base; path = Base.lproj/LaunchScreen.storyboard; sourceTree = "<group>"; };
		CE59138F1CBA566D008A3042 /* Info.plist */ = {isa = PBXFileReference; lastKnownFileType = text.plist.xml; path = Info.plist; sourceTree = "<group>"; };
		CE5913941CBA566E008A3042 /* SwissPlannerTests.xctest */ = {isa = PBXFileReference; explicitFileType = wrapper.cfbundle; includeInIndex = 0; path = SwissPlannerTests.xctest; sourceTree = BUILT_PRODUCTS_DIR; };
		CE5913981CBA566E008A3042 /* SwissPlannerTests.m */ = {isa = PBXFileReference; lastKnownFileType = sourcecode.c.objc; path = SwissPlannerTests.m; sourceTree = "<group>"; };
		CE59139A1CBA566E008A3042 /* Info.plist */ = {isa = PBXFileReference; lastKnownFileType = text.plist.xml; path = Info.plist; sourceTree = "<group>"; };
		CE5913AE1CBB8664008A3042 /* SWRevealViewController.h */ = {isa = PBXFileReference; fileEncoding = 4; lastKnownFileType = sourcecode.c.h; path = SWRevealViewController.h; sourceTree = "<group>"; };
		CE5913AF1CBB8664008A3042 /* SWRevealViewController.m */ = {isa = PBXFileReference; fileEncoding = 4; lastKnownFileType = sourcecode.c.objc; path = SWRevealViewController.m; sourceTree = "<group>"; };
		CE5913B11CBB9431008A3042 /* MainViewController.h */ = {isa = PBXFileReference; fileEncoding = 4; lastKnownFileType = sourcecode.c.h; path = MainViewController.h; sourceTree = "<group>"; };
		CE5913B21CBB9431008A3042 /* MainViewController.m */ = {isa = PBXFileReference; fileEncoding = 4; lastKnownFileType = sourcecode.c.objc; path = MainViewController.m; sourceTree = "<group>"; };
		CE5913B41CBBA789008A3042 /* SideMenuTableViewController.h */ = {isa = PBXFileReference; fileEncoding = 4; lastKnownFileType = sourcecode.c.h; path = SideMenuTableViewController.h; sourceTree = "<group>"; };
		CE5913B51CBBA789008A3042 /* SideMenuTableViewController.m */ = {isa = PBXFileReference; fileEncoding = 4; lastKnownFileType = sourcecode.c.objc; path = SideMenuTableViewController.m; sourceTree = "<group>"; };
		CE5913BB1CBCE019008A3042 /* PageContentViewController.h */ = {isa = PBXFileReference; fileEncoding = 4; lastKnownFileType = sourcecode.c.h; path = PageContentViewController.h; sourceTree = "<group>"; };
		CE5913BC1CBCE019008A3042 /* PageContentViewController.m */ = {isa = PBXFileReference; fileEncoding = 4; lastKnownFileType = sourcecode.c.objc; path = PageContentViewController.m; sourceTree = "<group>"; };
		CE5913BE1CBCE6ED008A3042 /* PageViewController.h */ = {isa = PBXFileReference; fileEncoding = 4; lastKnownFileType = sourcecode.c.h; path = PageViewController.h; sourceTree = "<group>"; };
		CE5913BF1CBCE6ED008A3042 /* PageViewController.m */ = {isa = PBXFileReference; fileEncoding = 4; lastKnownFileType = sourcecode.c.objc; path = PageViewController.m; sourceTree = "<group>"; };
		CE5913C41CBCF968008A3042 /* CalculatorViewController.h */ = {isa = PBXFileReference; fileEncoding = 4; lastKnownFileType = sourcecode.c.h; path = CalculatorViewController.h; sourceTree = "<group>"; };
		CE5913C51CBCF968008A3042 /* CalculatorViewController.m */ = {isa = PBXFileReference; fileEncoding = 4; lastKnownFileType = sourcecode.c.objc; path = CalculatorViewController.m; sourceTree = "<group>"; };
		CE5913C71CBE3592008A3042 /* TestingViewController.h */ = {isa = PBXFileReference; fileEncoding = 4; lastKnownFileType = sourcecode.c.h; path = TestingViewController.h; sourceTree = "<group>"; };
		CE5913C81CBE3592008A3042 /* TestingViewController.m */ = {isa = PBXFileReference; fileEncoding = 4; lastKnownFileType = sourcecode.c.objc; path = TestingViewController.m; sourceTree = "<group>"; };
		CE5913CB1CBE3616008A3042 /* GiftsViewController.h */ = {isa = PBXFileReference; fileEncoding = 4; lastKnownFileType = sourcecode.c.h; path = GiftsViewController.h; sourceTree = "<group>"; };
		CE5913CC1CBE3616008A3042 /* GiftsViewController.m */ = {isa = PBXFileReference; fileEncoding = 4; lastKnownFileType = sourcecode.c.objc; path = GiftsViewController.m; sourceTree = "<group>"; };
		CE5913D11CBE60D4008A3042 /* LauncherButton.h */ = {isa = PBXFileReference; fileEncoding = 4; lastKnownFileType = sourcecode.c.h; path = LauncherButton.h; sourceTree = "<group>"; };
		CE5913D21CBE60D4008A3042 /* LauncherButton.m */ = {isa = PBXFileReference; fileEncoding = 4; lastKnownFileType = sourcecode.c.objc; path = LauncherButton.m; sourceTree = "<group>"; };
		CE5A3F841CEF58FF00B8C8E9 /* en */ = {isa = PBXFileReference; lastKnownFileType = text.plist.strings; name = en; path = en.lproj/Localizable.strings; sourceTree = "<group>"; };
		CE5A3F861CEF590400B8C8E9 /* Base */ = {isa = PBXFileReference; lastKnownFileType = text.plist.strings; name = Base; path = Base.lproj/Localizable.strings; sourceTree = "<group>"; };
		CE6BEC311CF48487009FB218 /* Settings.plist */ = {isa = PBXFileReference; fileEncoding = 4; lastKnownFileType = text.plist.xml; path = Settings.plist; sourceTree = "<group>"; };
		CE6BEC331CF48BB3009FB218 /* SettingsTableViewController.h */ = {isa = PBXFileReference; fileEncoding = 4; lastKnownFileType = sourcecode.c.h; path = SettingsTableViewController.h; sourceTree = "<group>"; };
		CE6BEC341CF48BB3009FB218 /* SettingsTableViewController.m */ = {isa = PBXFileReference; fileEncoding = 4; lastKnownFileType = sourcecode.c.objc; path = SettingsTableViewController.m; sourceTree = "<group>"; };
		CEDA437E1CFF018500BB1AE0 /* Assets.xcassets */ = {isa = PBXFileReference; lastKnownFileType = folder.assetcatalog; path = Assets.xcassets; sourceTree = "<group>"; };
		CEDA43801CFF021F00BB1AE0 /* TextFieldValidator.h */ = {isa = PBXFileReference; fileEncoding = 4; lastKnownFileType = sourcecode.c.h; path = TextFieldValidator.h; sourceTree = "<group>"; };
		CEDA43811CFF021F00BB1AE0 /* TextFieldValidator.m */ = {isa = PBXFileReference; fileEncoding = 4; lastKnownFileType = sourcecode.c.objc; path = TextFieldValidator.m; sourceTree = "<group>"; };
		CEDA43831D00297600BB1AE0 /* TestsPageContentViewController.h */ = {isa = PBXFileReference; fileEncoding = 4; lastKnownFileType = sourcecode.c.h; path = TestsPageContentViewController.h; sourceTree = "<group>"; };
		CEDA43841D00297600BB1AE0 /* TestsPageContentViewController.m */ = {isa = PBXFileReference; fileEncoding = 4; lastKnownFileType = sourcecode.c.objc; path = TestsPageContentViewController.m; sourceTree = "<group>"; };
		CEDA43861D002BDD00BB1AE0 /* TestTableViewCell.h */ = {isa = PBXFileReference; fileEncoding = 4; lastKnownFileType = sourcecode.c.h; path = TestTableViewCell.h; sourceTree = "<group>"; };
		CEDA43871D002BDD00BB1AE0 /* TestTableViewCell.m */ = {isa = PBXFileReference; fileEncoding = 4; lastKnownFileType = sourcecode.c.objc; path = TestTableViewCell.m; sourceTree = "<group>"; };
		CEDA438A1D002C8200BB1AE0 /* QuestionTestTableViewCell.h */ = {isa = PBXFileReference; fileEncoding = 4; lastKnownFileType = sourcecode.c.h; path = QuestionTestTableViewCell.h; sourceTree = "<group>"; };
		CEDA438B1D002C8200BB1AE0 /* QuestionTestTableViewCell.m */ = {isa = PBXFileReference; fileEncoding = 4; lastKnownFileType = sourcecode.c.objc; path = QuestionTestTableViewCell.m; sourceTree = "<group>"; };
		CEDA438D1D002FD600BB1AE0 /* AnswerTestTableViewCell.h */ = {isa = PBXFileReference; fileEncoding = 4; lastKnownFileType = sourcecode.c.h; path = AnswerTestTableViewCell.h; sourceTree = "<group>"; };
		CEDA438E1D002FD600BB1AE0 /* AnswerTestTableViewCell.m */ = {isa = PBXFileReference; fileEncoding = 4; lastKnownFileType = sourcecode.c.objc; path = AnswerTestTableViewCell.m; sourceTree = "<group>"; };
/* End PBXFileReference section */

/* Begin PBXFrameworksBuildPhase section */
		CE5913781CBA566C008A3042 /* Frameworks */ = {
			isa = PBXFrameworksBuildPhase;
			buildActionMask = 2147483647;
			files = (
			);
			runOnlyForDeploymentPostprocessing = 0;
		};
		CE5913911CBA566E008A3042 /* Frameworks */ = {
			isa = PBXFrameworksBuildPhase;
			buildActionMask = 2147483647;
			files = (
			);
			runOnlyForDeploymentPostprocessing = 0;
		};
/* End PBXFrameworksBuildPhase section */

/* Begin PBXGroup section */
		3908F5611CFF91EC00261709 /* TestSlides */ = {
			isa = PBXGroup;
			children = (
				CEDA43891D002C5000BB1AE0 /* Test Cell */,
				3908F5621CFF922D00261709 /* TestPageViewController.h */,
				3908F5631CFF922D00261709 /* TestPageViewController.m */,
				CEDA43831D00297600BB1AE0 /* TestsPageContentViewController.h */,
				CEDA43841D00297600BB1AE0 /* TestsPageContentViewController.m */,
				39AB1C661D017CDA00A1622C /* TestsStartingViewController.h */,
				39AB1C671D017CDA00A1622C /* TestsStartingViewController.m */,
				39F869691D0376C500CA09C2 /* TestCheckerDelegate.h */,
				39546FFC1D060A1100710FD2 /* TestBaseHelper.h */,
				39546FFD1D060A1100710FD2 /* TestBaseHelper.m */,
			);
			name = TestSlides;
			sourceTree = "<group>";
		};
		CE05AAAA1CD258CF00CB7A8E /* Slides */ = {
			isa = PBXGroup;
			children = (
				CE05AA8F1CD0B1AA00CB7A8E /* Slide2ContentViewController.h */,
				CE05AA901CD0B1AA00CB7A8E /* Slide2ContentViewController.m */,
				CE05AA921CD0F0C900CB7A8E /* Slide3ContentViewController.h */,
				CE05AA931CD0F0C900CB7A8E /* Slide3ContentViewController.m */,
				CE05AA9B1CD0FFE000CB7A8E /* Slide1ContentViewController.h */,
				CE05AA9C1CD0FFE000CB7A8E /* Slide1ContentViewController.m */,
				CE05AAA71CD24C1F00CB7A8E /* Slide9ContentWithMultipleTablesViewController.h */,
				CE05AAA81CD24C1F00CB7A8E /* Slide9ContentWithMultipleTablesViewController.m */,
				CE05AAAB1CD2598900CB7A8E /* Slide4ContentViewController.h */,
				CE05AAAC1CD2598900CB7A8E /* Slide4ContentViewController.m */,
				CE05AAAE1CD25AFB00CB7A8E /* Slide5ViewController.h */,
				CE05AAAF1CD25AFB00CB7A8E /* Slide5ViewController.m */,
				CE05AAB11CD2646F00CB7A8E /* Slide6ContentViewController.h */,
				CE05AAB21CD2646F00CB7A8E /* Slide6ContentViewController.m */,
				CE05AAB41CD267E000CB7A8E /* Slide7ContentViewController.h */,
				CE05AAB51CD267E000CB7A8E /* Slide7ContentViewController.m */,
				CE05AAB71CD271B500CB7A8E /* Slide8ContentViewController.h */,
				CE05AAB81CD271B500CB7A8E /* Slide8ContentViewController.m */,
				39CD84891CF38A1E000D8025 /* Slide8aContentViewController.h */,
				39CD848A1CF38A1E000D8025 /* Slide8aContentViewController.m */,
				CE05AABA1CD27BA000CB7A8E /* Slide10ContentViewController.h */,
				CE05AABB1CD27BA000CB7A8E /* Slide10ContentViewController.m */,
				CE05AABD1CD2839000CB7A8E /* Slide11ContentViewController.h */,
				CE05AABE1CD2839000CB7A8E /* Slide11ContentViewController.m */,
				CE05AAC01CD28D9C00CB7A8E /* ConclusionTableViewController.h */,
				CE05AAC11CD28D9C00CB7A8E /* ConclusionTableViewController.m */,
				CE05AAC91CD2AFBE00CB7A8E /* Slide13ContentViewController.h */,
				CE05AACA1CD2AFBE00CB7A8E /* Slide13ContentViewController.m */,
			);
			name = Slides;
			sourceTree = "<group>";
		};
		CE18D6151CC8EC230056D9A4 /* GiftsSlides */ = {
			isa = PBXGroup;
			children = (
				CE18D6161CC8EC600056D9A4 /* GiftsPageViewController.h */,
				CE18D6171CC8EC600056D9A4 /* GiftsPageViewController.m */,
				CE18D6191CC8EC8E0056D9A4 /* GiftsPageContentViewController.h */,
				CE18D61A1CC8EC8E0056D9A4 /* GiftsPageContentViewController.m */,
			);
			name = GiftsSlides;
			sourceTree = "<group>";
		};
		CE5913721CBA566C008A3042 = {
			isa = PBXGroup;
			children = (
				CE59137D1CBA566D008A3042 /* SwissPlanner */,
				CE5913971CBA566E008A3042 /* SwissPlannerTests */,
				CE59137C1CBA566C008A3042 /* Products */,
			);
			sourceTree = "<group>";
		};
		CE59137C1CBA566C008A3042 /* Products */ = {
			isa = PBXGroup;
			children = (
				CE59137B1CBA566C008A3042 /* SwissPlanner.app */,
				CE5913941CBA566E008A3042 /* SwissPlannerTests.xctest */,
			);
			name = Products;
			sourceTree = "<group>";
		};
		CE59137D1CBA566D008A3042 /* SwissPlanner */ = {
			isa = PBXGroup;
			children = (
				39C88B951D0E092700D932C3 /* LanguageHelper.h */,
				39C88B961D0E092700D932C3 /* LanguageHelper.m */,
				3908F5611CFF91EC00261709 /* TestSlides */,
				CE5913B11CBB9431008A3042 /* MainViewController.h */,
				CE5913B21CBB9431008A3042 /* MainViewController.m */,
				CE5913C41CBCF968008A3042 /* CalculatorViewController.h */,
				CE5913C51CBCF968008A3042 /* CalculatorViewController.m */,
				CE5913CA1CBE35A1008A3042 /* EducationSlides */,
				CE18D6151CC8EC230056D9A4 /* GiftsSlides */,
				CE5913C71CBE3592008A3042 /* TestingViewController.h */,
				CE5913C81CBE3592008A3042 /* TestingViewController.m */,
				CE5913CB1CBE3616008A3042 /* GiftsViewController.h */,
				CE5913CC1CBE3616008A3042 /* GiftsViewController.m */,
				CE5913B71CBBA7A4008A3042 /* Navigation Menu */,
				CE5913811CBA566D008A3042 /* AppDelegate.h */,
				CE5913821CBA566D008A3042 /* AppDelegate.m */,
				CE5913D11CBE60D4008A3042 /* LauncherButton.h */,
				CE5913D21CBE60D4008A3042 /* LauncherButton.m */,
				CE5913871CBA566D008A3042 /* Main.storyboard */,
				CE58D4871D0AAE9B00F81961 /* OrdersTableViewCell.h */,
				CE58D4881D0AAE9B00F81961 /* OrdersTableViewCell.m */,
				CE59138C1CBA566D008A3042 /* LaunchScreen.storyboard */,
				CE59138F1CBA566D008A3042 /* Info.plist */,
				CE59137E1CBA566D008A3042 /* Supporting Files */,
				CE6BEC311CF48487009FB218 /* Settings.plist */,
				CE6BEC331CF48BB3009FB218 /* SettingsTableViewController.h */,
				CE58D48A1D0EB21E00F81961 /* LanguageSelectionTableViewController.h */,
				CE58D48B1D0EB21E00F81961 /* LanguageSelectionTableViewController.m */,
				CE6BEC341CF48BB3009FB218 /* SettingsTableViewController.m */,
				39F734EB1CF6172D00057957 /* CabinetContentTableViewCell.h */,
				39F734EC1CF6172D00057957 /* CabinetContentTableViewCell.m */,
				CE3CAF731CF8773100B276CD /* PlatformTypeChecker.h */,
				CE3CAF741CF8773100B276CD /* PlatformTypeChecker.m */,
			);
			path = SwissPlanner;
			sourceTree = "<group>";
		};
		CE59137E1CBA566D008A3042 /* Supporting Files */ = {
			isa = PBXGroup;
			children = (
				CEDA437E1CFF018500BB1AE0 /* Assets.xcassets */,
				39546FFA1D06096E00710FD2 /* tests_source.txt */,
				CEDA437D1CFF009300BB1AE0 /* TextFieldValidator */,
				CE59137F1CBA566D008A3042 /* main.m */,
				CE5A3F851CEF58FF00B8C8E9 /* Localizable.strings */,
				CE5519001CF326CF00196675 /* UISegmentedControl+Multiline.h */,
				CE5519011CF326CF00196675 /* UISegmentedControl+Multiline.m */,
			);
			name = "Supporting Files";
			sourceTree = "<group>";
		};
		CE5913971CBA566E008A3042 /* SwissPlannerTests */ = {
			isa = PBXGroup;
			children = (
				CE5913981CBA566E008A3042 /* SwissPlannerTests.m */,
				CE59139A1CBA566E008A3042 /* Info.plist */,
			);
			path = SwissPlannerTests;
			sourceTree = "<group>";
		};
		CE5913B71CBBA7A4008A3042 /* Navigation Menu */ = {
			isa = PBXGroup;
			children = (
				CE5913B41CBBA789008A3042 /* SideMenuTableViewController.h */,
				CE5913B51CBBA789008A3042 /* SideMenuTableViewController.m */,
				CE5913AE1CBB8664008A3042 /* SWRevealViewController.h */,
				CE5913AF1CBB8664008A3042 /* SWRevealViewController.m */,
				CE05AAD91CD74E8800CB7A8E /* NavigationTableViewCell.h */,
				CE05AADA1CD74E8800CB7A8E /* NavigationTableViewCell.m */,
			);
			name = "Navigation Menu";
			sourceTree = "<group>";
		};
		CE5913CA1CBE35A1008A3042 /* EducationSlides */ = {
			isa = PBXGroup;
			children = (
				CE05AAAA1CD258CF00CB7A8E /* Slides */,
				CE5913BE1CBCE6ED008A3042 /* PageViewController.h */,
				CE5913BF1CBCE6ED008A3042 /* PageViewController.m */,
				CE5913BB1CBCE019008A3042 /* PageContentViewController.h */,
				CE5913BC1CBCE019008A3042 /* PageContentViewController.m */,
				CE05AA9E1CD11C3E00CB7A8E /* PrettyTableViewCell.h */,
				CE05AA9F1CD11C3E00CB7A8E /* PrettyTableViewCell.m */,
				CE05AAC61CD2AEC000CB7A8E /* PrettySimpleTableViewCell.h */,
				CE05AAC71CD2AEC000CB7A8E /* PrettySimpleTableViewCell.m */,
				CE05AAA11CD12D4D00CB7A8E /* PageContentWithTablesViewController.h */,
				CE05AAA21CD12D4D00CB7A8E /* PageContentWithTablesViewController.m */,
				CE05AAA41CD203F900CB7A8E /* PageContentWithMultipleTablesViewController.h */,
				CE05AAA51CD203F900CB7A8E /* PageContentWithMultipleTablesViewController.m */,
				CE05AAC31CD2998500CB7A8E /* PrettyExpandedTableViewCell.h */,
				CE05AAC41CD2998500CB7A8E /* PrettyExpandedTableViewCell.m */,
			);
			name = EducationSlides;
			sourceTree = "<group>";
		};
		CEDA437D1CFF009300BB1AE0 /* TextFieldValidator */ = {
			isa = PBXGroup;
			children = (
				CEDA43801CFF021F00BB1AE0 /* TextFieldValidator.h */,
				CEDA43811CFF021F00BB1AE0 /* TextFieldValidator.m */,
			);
			name = TextFieldValidator;
			sourceTree = "<group>";
		};
		CEDA43891D002C5000BB1AE0 /* Test Cell */ = {
			isa = PBXGroup;
			children = (
				CEDA43861D002BDD00BB1AE0 /* TestTableViewCell.h */,
				CEDA43871D002BDD00BB1AE0 /* TestTableViewCell.m */,
				CEDA438A1D002C8200BB1AE0 /* QuestionTestTableViewCell.h */,
				CEDA438B1D002C8200BB1AE0 /* QuestionTestTableViewCell.m */,
				CEDA438D1D002FD600BB1AE0 /* AnswerTestTableViewCell.h */,
				CEDA438E1D002FD600BB1AE0 /* AnswerTestTableViewCell.m */,
				39D47B061D0437AA003D05EA /* TestQuestionPageContentViewController.h */,
				39D47B071D0437AA003D05EA /* TestQuestionPageContentViewController.m */,
			);
			name = "Test Cell";
			sourceTree = "<group>";
		};
/* End PBXGroup section */

/* Begin PBXNativeTarget section */
		CE59137A1CBA566C008A3042 /* SwissPlanner */ = {
			isa = PBXNativeTarget;
			buildConfigurationList = CE59139D1CBA566E008A3042 /* Build configuration list for PBXNativeTarget "SwissPlanner" */;
			buildPhases = (
				CE5913771CBA566C008A3042 /* Sources */,
				CE5913781CBA566C008A3042 /* Frameworks */,
				CE5913791CBA566C008A3042 /* Resources */,
			);
			buildRules = (
			);
			dependencies = (
			);
			name = SwissPlanner;
			productName = SwissPlanner;
			productReference = CE59137B1CBA566C008A3042 /* SwissPlanner.app */;
			productType = "com.apple.product-type.application";
		};
		CE5913931CBA566E008A3042 /* SwissPlannerTests */ = {
			isa = PBXNativeTarget;
			buildConfigurationList = CE5913A01CBA566E008A3042 /* Build configuration list for PBXNativeTarget "SwissPlannerTests" */;
			buildPhases = (
				CE5913901CBA566E008A3042 /* Sources */,
				CE5913911CBA566E008A3042 /* Frameworks */,
				CE5913921CBA566E008A3042 /* Resources */,
			);
			buildRules = (
			);
			dependencies = (
				CE5913961CBA566E008A3042 /* PBXTargetDependency */,
			);
			name = SwissPlannerTests;
			productName = SwissPlannerTests;
			productReference = CE5913941CBA566E008A3042 /* SwissPlannerTests.xctest */;
			productType = "com.apple.product-type.bundle.unit-test";
		};
/* End PBXNativeTarget section */

/* Begin PBXProject section */
		CE5913731CBA566C008A3042 /* Project object */ = {
			isa = PBXProject;
			attributes = {
				LastUpgradeCheck = 0730;
				ORGANIZATIONNAME = "Elena Boychuk";
				TargetAttributes = {
					CE59137A1CBA566C008A3042 = {
						CreatedOnToolsVersion = 7.3;
						DevelopmentTeam = F2NHY2ECRQ;
					};
					CE5913931CBA566E008A3042 = {
						CreatedOnToolsVersion = 7.3;
						TestTargetID = CE59137A1CBA566C008A3042;
					};
				};
			};
			buildConfigurationList = CE5913761CBA566C008A3042 /* Build configuration list for PBXProject "SwissPlanner" */;
			compatibilityVersion = "Xcode 3.2";
			developmentRegion = English;
			hasScannedForEncodings = 0;
			knownRegions = (
				en,
				Base,
				es,
			);
			mainGroup = CE5913721CBA566C008A3042;
			productRefGroup = CE59137C1CBA566C008A3042 /* Products */;
			projectDirPath = "";
			projectRoot = "";
			targets = (
				CE59137A1CBA566C008A3042 /* SwissPlanner */,
				CE5913931CBA566E008A3042 /* SwissPlannerTests */,
			);
		};
/* End PBXProject section */

/* Begin PBXResourcesBuildPhase section */
		CE5913791CBA566C008A3042 /* Resources */ = {
			isa = PBXResourcesBuildPhase;
			buildActionMask = 2147483647;
			files = (
				CE59138E1CBA566D008A3042 /* LaunchScreen.storyboard in Resources */,
				CE5A3F831CEF58FF00B8C8E9 /* Localizable.strings in Resources */,
				CE5913891CBA566D008A3042 /* Main.storyboard in Resources */,
				CE6BEC321CF48487009FB218 /* Settings.plist in Resources */,
				CEDA437F1CFF018500BB1AE0 /* Assets.xcassets in Resources */,
				39546FFB1D06096E00710FD2 /* tests_source.txt in Resources */,
			);
			runOnlyForDeploymentPostprocessing = 0;
		};
		CE5913921CBA566E008A3042 /* Resources */ = {
			isa = PBXResourcesBuildPhase;
			buildActionMask = 2147483647;
			files = (
			);
			runOnlyForDeploymentPostprocessing = 0;
		};
/* End PBXResourcesBuildPhase section */

/* Begin PBXSourcesBuildPhase section */
		CE5913771CBA566C008A3042 /* Sources */ = {
			isa = PBXSourcesBuildPhase;
			buildActionMask = 2147483647;
			files = (
				CEDA43821CFF021F00BB1AE0 /* TextFieldValidator.m in Sources */,
				CE05AAB01CD25AFB00CB7A8E /* Slide5ViewController.m in Sources */,
				CEDA43851D00297600BB1AE0 /* TestsPageContentViewController.m in Sources */,
				CE18D61B1CC8EC8E0056D9A4 /* GiftsPageContentViewController.m in Sources */,
				CE05AAA01CD11C3E00CB7A8E /* PrettyTableViewCell.m in Sources */,
				CE05AAB31CD2646F00CB7A8E /* Slide6ContentViewController.m in Sources */,
				CE05AAB91CD271B500CB7A8E /* Slide8ContentViewController.m in Sources */,
				CE5913CD1CBE3616008A3042 /* GiftsViewController.m in Sources */,
				39D47B081D0437AB003D05EA /* TestQuestionPageContentViewController.m in Sources */,
				CE5913831CBA566D008A3042 /* AppDelegate.m in Sources */,
				CE6BEC351CF48BB3009FB218 /* SettingsTableViewController.m in Sources */,
				39AB1C681D017CDA00A1622C /* TestsStartingViewController.m in Sources */,
				39546FFE1D060A1100710FD2 /* TestBaseHelper.m in Sources */,
				CE05AADB1CD74E8800CB7A8E /* NavigationTableViewCell.m in Sources */,
				CE5913801CBA566D008A3042 /* main.m in Sources */,
				CE58D48C1D0EB21E00F81961 /* LanguageSelectionTableViewController.m in Sources */,
				39C88B971D0E092700D932C3 /* LanguageHelper.m in Sources */,
				CE05AAA61CD203F900CB7A8E /* PageContentWithMultipleTablesViewController.m in Sources */,
				CEDA43881D002BDE00BB1AE0 /* TestTableViewCell.m in Sources */,
				CE3CAF751CF8773100B276CD /* PlatformTypeChecker.m in Sources */,
				3908F5641CFF922D00261709 /* TestPageViewController.m in Sources */,
				CE05AABC1CD27BA000CB7A8E /* Slide10ContentViewController.m in Sources */,
				CE05AAC21CD28D9C00CB7A8E /* ConclusionTableViewController.m in Sources */,
				CE58D4891D0AAE9B00F81961 /* OrdersTableViewCell.m in Sources */,
				CEDA438F1D002FD600BB1AE0 /* AnswerTestTableViewCell.m in Sources */,
				CE05AAA31CD12D4D00CB7A8E /* PageContentWithTablesViewController.m in Sources */,
				CE05AA9D1CD0FFE000CB7A8E /* Slide1ContentViewController.m in Sources */,
				CE05AAB61CD267E000CB7A8E /* Slide7ContentViewController.m in Sources */,
				CE5913B61CBBA789008A3042 /* SideMenuTableViewController.m in Sources */,
				CE5913B31CBB9431008A3042 /* MainViewController.m in Sources */,
				CE05AA941CD0F0C900CB7A8E /* Slide3ContentViewController.m in Sources */,
				CE05AAC51CD2998500CB7A8E /* PrettyExpandedTableViewCell.m in Sources */,
				CE05AA911CD0B1AA00CB7A8E /* Slide2ContentViewController.m in Sources */,
				CE5913D31CBE60D4008A3042 /* LauncherButton.m in Sources */,
				CEDA438C1D002C8200BB1AE0 /* QuestionTestTableViewCell.m in Sources */,
				CE5913B01CBB8664008A3042 /* SWRevealViewController.m in Sources */,
				CE05AAC81CD2AEC000CB7A8E /* PrettySimpleTableViewCell.m in Sources */,
				CE5913BD1CBCE019008A3042 /* PageContentViewController.m in Sources */,
				CE05AACB1CD2AFBE00CB7A8E /* Slide13ContentViewController.m in Sources */,
				CE5913C01CBCE6ED008A3042 /* PageViewController.m in Sources */,
				CE05AAA91CD24C1F00CB7A8E /* Slide9ContentWithMultipleTablesViewController.m in Sources */,
				CE05AAAD1CD2598900CB7A8E /* Slide4ContentViewController.m in Sources */,
				CE5519021CF326CF00196675 /* UISegmentedControl+Multiline.m in Sources */,
				CE18D6181CC8EC600056D9A4 /* GiftsPageViewController.m in Sources */,
				39CD848B1CF38A1E000D8025 /* Slide8aContentViewController.m in Sources */,
				39F734ED1CF6172D00057957 /* CabinetContentTableViewCell.m in Sources */,
				CE5913C61CBCF968008A3042 /* CalculatorViewController.m in Sources */,
				CE5913C91CBE3592008A3042 /* TestingViewController.m in Sources */,
				CE05AABF1CD2839000CB7A8E /* Slide11ContentViewController.m in Sources */,
			);
			runOnlyForDeploymentPostprocessing = 0;
		};
		CE5913901CBA566E008A3042 /* Sources */ = {
			isa = PBXSourcesBuildPhase;
			buildActionMask = 2147483647;
			files = (
				CE5913991CBA566E008A3042 /* SwissPlannerTests.m in Sources */,
			);
			runOnlyForDeploymentPostprocessing = 0;
		};
/* End PBXSourcesBuildPhase section */

/* Begin PBXTargetDependency section */
		CE5913961CBA566E008A3042 /* PBXTargetDependency */ = {
			isa = PBXTargetDependency;
			target = CE59137A1CBA566C008A3042 /* SwissPlanner */;
			targetProxy = CE5913951CBA566E008A3042 /* PBXContainerItemProxy */;
		};
/* End PBXTargetDependency section */

/* Begin PBXVariantGroup section */
		CE5913871CBA566D008A3042 /* Main.storyboard */ = {
			isa = PBXVariantGroup;
			children = (
				CE5913881CBA566D008A3042 /* Base */,
			);
			name = Main.storyboard;
			sourceTree = "<group>";
		};
		CE59138C1CBA566D008A3042 /* LaunchScreen.storyboard */ = {
			isa = PBXVariantGroup;
			children = (
				CE59138D1CBA566D008A3042 /* Base */,
			);
			name = LaunchScreen.storyboard;
			sourceTree = "<group>";
		};
		CE5A3F851CEF58FF00B8C8E9 /* Localizable.strings */ = {
			isa = PBXVariantGroup;
			children = (
				CE5A3F841CEF58FF00B8C8E9 /* en */,
				CE5A3F861CEF590400B8C8E9 /* Base */,
				39F91F7A1D0BF8E000D0B05E /* es */,
			);
			name = Localizable.strings;
			sourceTree = "<group>";
		};
/* End PBXVariantGroup section */

/* Begin XCBuildConfiguration section */
		CE59139B1CBA566E008A3042 /* Debug */ = {
			isa = XCBuildConfiguration;
			buildSettings = {
				ALWAYS_SEARCH_USER_PATHS = NO;
				CLANG_ANALYZER_NONNULL = YES;
				CLANG_CXX_LANGUAGE_STANDARD = "gnu++0x";
				CLANG_CXX_LIBRARY = "libc++";
				CLANG_ENABLE_MODULES = YES;
				CLANG_ENABLE_OBJC_ARC = YES;
				CLANG_WARN_BOOL_CONVERSION = YES;
				CLANG_WARN_CONSTANT_CONVERSION = YES;
				CLANG_WARN_DIRECT_OBJC_ISA_USAGE = YES_ERROR;
				CLANG_WARN_EMPTY_BODY = YES;
				CLANG_WARN_ENUM_CONVERSION = YES;
				CLANG_WARN_INT_CONVERSION = YES;
				CLANG_WARN_OBJC_ROOT_CLASS = YES_ERROR;
				CLANG_WARN_UNREACHABLE_CODE = YES;
				CLANG_WARN__DUPLICATE_METHOD_MATCH = YES;
				"CODE_SIGN_IDENTITY[sdk=iphoneos*]" = "iPhone Developer";
				COPY_PHASE_STRIP = NO;
				DEBUG_INFORMATION_FORMAT = dwarf;
				ENABLE_STRICT_OBJC_MSGSEND = YES;
				ENABLE_TESTABILITY = YES;
				GCC_C_LANGUAGE_STANDARD = gnu99;
				GCC_DYNAMIC_NO_PIC = NO;
				GCC_NO_COMMON_BLOCKS = YES;
				GCC_OPTIMIZATION_LEVEL = 0;
				GCC_PREPROCESSOR_DEFINITIONS = (
					"DEBUG=1",
					"$(inherited)",
				);
				GCC_WARN_64_TO_32_BIT_CONVERSION = YES;
				GCC_WARN_ABOUT_RETURN_TYPE = YES_ERROR;
				GCC_WARN_UNDECLARED_SELECTOR = YES;
				GCC_WARN_UNINITIALIZED_AUTOS = YES_AGGRESSIVE;
				GCC_WARN_UNUSED_FUNCTION = YES;
				GCC_WARN_UNUSED_VARIABLE = YES;
				IPHONEOS_DEPLOYMENT_TARGET = 9.3;
				MTL_ENABLE_DEBUG_INFO = YES;
				ONLY_ACTIVE_ARCH = YES;
				SDKROOT = iphoneos;
				TARGETED_DEVICE_FAMILY = "1,2";
			};
			name = Debug;
		};
		CE59139C1CBA566E008A3042 /* Release */ = {
			isa = XCBuildConfiguration;
			buildSettings = {
				ALWAYS_SEARCH_USER_PATHS = NO;
				CLANG_ANALYZER_NONNULL = YES;
				CLANG_CXX_LANGUAGE_STANDARD = "gnu++0x";
				CLANG_CXX_LIBRARY = "libc++";
				CLANG_ENABLE_MODULES = YES;
				CLANG_ENABLE_OBJC_ARC = YES;
				CLANG_WARN_BOOL_CONVERSION = YES;
				CLANG_WARN_CONSTANT_CONVERSION = YES;
				CLANG_WARN_DIRECT_OBJC_ISA_USAGE = YES_ERROR;
				CLANG_WARN_EMPTY_BODY = YES;
				CLANG_WARN_ENUM_CONVERSION = YES;
				CLANG_WARN_INT_CONVERSION = YES;
				CLANG_WARN_OBJC_ROOT_CLASS = YES_ERROR;
				CLANG_WARN_UNREACHABLE_CODE = YES;
				CLANG_WARN__DUPLICATE_METHOD_MATCH = YES;
				"CODE_SIGN_IDENTITY[sdk=iphoneos*]" = "iPhone Developer";
				COPY_PHASE_STRIP = NO;
				DEBUG_INFORMATION_FORMAT = "dwarf-with-dsym";
				ENABLE_NS_ASSERTIONS = NO;
				ENABLE_STRICT_OBJC_MSGSEND = YES;
				GCC_C_LANGUAGE_STANDARD = gnu99;
				GCC_NO_COMMON_BLOCKS = YES;
				GCC_WARN_64_TO_32_BIT_CONVERSION = YES;
				GCC_WARN_ABOUT_RETURN_TYPE = YES_ERROR;
				GCC_WARN_UNDECLARED_SELECTOR = YES;
				GCC_WARN_UNINITIALIZED_AUTOS = YES_AGGRESSIVE;
				GCC_WARN_UNUSED_FUNCTION = YES;
				GCC_WARN_UNUSED_VARIABLE = YES;
				IPHONEOS_DEPLOYMENT_TARGET = 9.3;
				MTL_ENABLE_DEBUG_INFO = NO;
				SDKROOT = iphoneos;
				TARGETED_DEVICE_FAMILY = "1,2";
				VALIDATE_PRODUCT = YES;
			};
			name = Release;
		};
		CE59139E1CBA566E008A3042 /* Debug */ = {
			isa = XCBuildConfiguration;
			buildSettings = {
				ASSETCATALOG_COMPILER_APPICON_NAME = AppIcon;
				CODE_SIGN_IDENTITY = "iPhone Developer";
				"CODE_SIGN_IDENTITY[sdk=iphoneos*]" = "iPhone Developer";
				INFOPLIST_FILE = SwissPlanner/Info.plist;
				IPHONEOS_DEPLOYMENT_TARGET = 8.0;
				LD_RUNPATH_SEARCH_PATHS = "$(inherited) @executable_path/Frameworks";
				PRODUCT_BUNDLE_IDENTIFIER = ElenaBoychuk.SwissPlanner;
				PRODUCT_NAME = "$(TARGET_NAME)";
				PROVISIONING_PROFILE = "";
				TARGETED_DEVICE_FAMILY = 1;
			};
			name = Debug;
		};
		CE59139F1CBA566E008A3042 /* Release */ = {
			isa = XCBuildConfiguration;
			buildSettings = {
				ASSETCATALOG_COMPILER_APPICON_NAME = AppIcon;
				CODE_SIGN_IDENTITY = "iPhone Developer";
				"CODE_SIGN_IDENTITY[sdk=iphoneos*]" = "iPhone Developer";
				INFOPLIST_FILE = SwissPlanner/Info.plist;
				IPHONEOS_DEPLOYMENT_TARGET = 8.0;
				LD_RUNPATH_SEARCH_PATHS = "$(inherited) @executable_path/Frameworks";
				PRODUCT_BUNDLE_IDENTIFIER = ElenaBoychuk.SwissPlanner;
				PRODUCT_NAME = "$(TARGET_NAME)";
				PROVISIONING_PROFILE = "";
				TARGETED_DEVICE_FAMILY = 1;
			};
			name = Release;
		};
		CE5913A11CBA566E008A3042 /* Debug */ = {
			isa = XCBuildConfiguration;
			buildSettings = {
				BUNDLE_LOADER = "$(TEST_HOST)";
				INFOPLIST_FILE = SwissPlannerTests/Info.plist;
				LD_RUNPATH_SEARCH_PATHS = "$(inherited) @executable_path/Frameworks @loader_path/Frameworks";
				PRODUCT_BUNDLE_IDENTIFIER = "Elena-Boychuk.SwissPlannerTests";
				PRODUCT_NAME = "$(TARGET_NAME)";
				TEST_HOST = "$(BUILT_PRODUCTS_DIR)/SwissPlanner.app/SwissPlanner";
			};
			name = Debug;
		};
		CE5913A21CBA566E008A3042 /* Release */ = {
			isa = XCBuildConfiguration;
			buildSettings = {
				BUNDLE_LOADER = "$(TEST_HOST)";
				INFOPLIST_FILE = SwissPlannerTests/Info.plist;
				LD_RUNPATH_SEARCH_PATHS = "$(inherited) @executable_path/Frameworks @loader_path/Frameworks";
				PRODUCT_BUNDLE_IDENTIFIER = "Elena-Boychuk.SwissPlannerTests";
				PRODUCT_NAME = "$(TARGET_NAME)";
				TEST_HOST = "$(BUILT_PRODUCTS_DIR)/SwissPlanner.app/SwissPlanner";
			};
			name = Release;
		};
/* End XCBuildConfiguration section */

/* Begin XCConfigurationList section */
		CE5913761CBA566C008A3042 /* Build configuration list for PBXProject "SwissPlanner" */ = {
			isa = XCConfigurationList;
			buildConfigurations = (
				CE59139B1CBA566E008A3042 /* Debug */,
				CE59139C1CBA566E008A3042 /* Release */,
			);
			defaultConfigurationIsVisible = 0;
			defaultConfigurationName = Release;
		};
		CE59139D1CBA566E008A3042 /* Build configuration list for PBXNativeTarget "SwissPlanner" */ = {
			isa = XCConfigurationList;
			buildConfigurations = (
				CE59139E1CBA566E008A3042 /* Debug */,
				CE59139F1CBA566E008A3042 /* Release */,
			);
			defaultConfigurationIsVisible = 0;
			defaultConfigurationName = Release;
		};
		CE5913A01CBA566E008A3042 /* Build configuration list for PBXNativeTarget "SwissPlannerTests" */ = {
			isa = XCConfigurationList;
			buildConfigurations = (
				CE5913A11CBA566E008A3042 /* Debug */,
				CE5913A21CBA566E008A3042 /* Release */,
			);
			defaultConfigurationIsVisible = 0;
			defaultConfigurationName = Release;
		};
/* End XCConfigurationList section */
	};
	rootObject = CE5913731CBA566C008A3042 /* Project object */;
}
